
Microsoft Visual Studio Solution File, Format Version 12.00
Project("{FAE04EC0-301F-11D3-BF4B-00C04F79EFBC}") = "Core", "Core\Core.csproj", "{C2DD7CBF-07F1-40B0-92E8-1AB93304466D}"
EndProject
Project("{FAE04EC0-301F-11D3-BF4B-00C04F79EFBC}") = "Tests", "Tests\Tests.csproj", "{E94D5E6E-18B2-468D-9F7A-89419C713639}"
EndProject
Global
	GlobalSection(SolutionConfigurationPlatforms) = preSolution
		Debug|Any CPU = Debug|Any CPU
		Release|Any CPU = Release|Any CPU
	EndGlobalSection
	GlobalSection(ProjectConfigurationPlatforms) = postSolution
		{C2DD7CBF-07F1-40B0-92E8-1AB93304466D}.Debug|Any CPU.ActiveCfg = Debug|Any CPU
		{C2DD7CBF-07F1-40B0-92E8-1AB93304466D}.Debug|Any CPU.Build.0 = Debug|Any CPU
		{C2DD7CBF-07F1-40B0-92E8-1AB93304466D}.Release|Any CPU.ActiveCfg = Release|Any CPU
		{C2DD7CBF-07F1-40B0-92E8-1AB93304466D}.Release|Any CPU.Build.0 = Release|Any CPU
		{E94D5E6E-18B2-468D-9F7A-89419C713639}.Debug|Any CPU.ActiveCfg = Debug|Any CPU
		{E94D5E6E-18B2-468D-9F7A-89419C713639}.Debug|Any CPU.Build.0 = Debug|Any CPU
		{E94D5E6E-18B2-468D-9F7A-89419C713639}.Release|Any CPU.ActiveCfg = Release|Any CPU
		{E94D5E6E-18B2-468D-9F7A-89419C713639}.Release|Any CPU.Build.0 = Release|Any CPU
	EndGlobalSection
EndGlobal
